
Microsoft Visual Studio Solution File, Format Version 12.00
# Visual Studio Version 17
VisualStudioVersion = 17.14.36429.23
MinimumVisualStudioVersion = 10.0.40219.1
Project("{FAE04EC0-301F-11D3-BF4B-00C04F79EFBC}") = "P1_AP1_WilliamRodriguez", "P1_AP1_WilliamRodriguez.csproj", "{8CEAA153-AACA-45B0-BBDC-CDD6C55C56A3}"
EndProject
Global
	GlobalSection(SolutionConfigurationPlatforms) = preSolution
		Debug|Any CPU = Debug|Any CPU
		Release|Any CPU = Release|Any CPU
	EndGlobalSection
	GlobalSection(ProjectConfigurationPlatforms) = postSolution
		{8CEAA153-AACA-45B0-BBDC-CDD6C55C56A3}.Debug|Any CPU.ActiveCfg = Debug|Any CPU
		{8CEAA153-AACA-45B0-BBDC-CDD6C55C56A3}.Debug|Any CPU.Build.0 = Debug|Any CPU
		{8CEAA153-AACA-45B0-BBDC-CDD6C55C56A3}.Release|Any CPU.ActiveCfg = Release|Any CPU
		{8CEAA153-AACA-45B0-BBDC-CDD6C55C56A3}.Release|Any CPU.Build.0 = Release|Any CPU
	EndGlobalSection
	GlobalSection(SolutionProperties) = preSolution
		HideSolutionNode = FALSE
	EndGlobalSection
	GlobalSection(ExtensibilityGlobals) = postSolution
		SolutionGuid = {DFB3A44B-39E1-4602-BF2A-799DC47C7192}
	EndGlobalSection
EndGlobal
